{
  "name": "rahkin.github.io",
  "lockfileVersion": 3,
  "requires": true,
  "packages": {
    "": {
      "dependencies": {
        "postprocessing": "^6.33.3",
        "three": "^0.160.0"
      }
    },
    "node_modules/postprocessing": {
      "version": "6.37.2",
      "resolved": "https://registry.npmjs.org/postprocessing/-/postprocessing-6.37.2.tgz",
      "integrity": "sha512-Xm3n1Usgk2eBkufb1ssYDNGb3EXmV2wdQQIRGAWD9yppOYwsHpb8/w/+Opvnx6uEOFyt3US1dFbET5DTSyrRiA==",
      "peerDependencies": {
        "three": ">= 0.157.0 < 0.176.0"
      }
    },
    "node_modules/three": {
      "version": "0.160.1",
      "resolved": "https://registry.npmjs.org/three/-/three-0.160.1.tgz",
      "integrity": "sha512-Bgl2wPJypDOZ1stAxwfWAcJ0WQf7QzlptsxkjYiURPz+n5k4RBDLsq+6f9Y75TYxn6aHLcWz+JNmwTOXWrQTBQ=="
    }
  }
}
